
Microsoft Visual Studio Solution File, Format Version 12.00
# Visual Studio Version 16
VisualStudioVersion = 16.0.30503.244
MinimumVisualStudioVersion = 10.0.40219.1
Project("{FAE04EC0-301F-11D3-BF4B-00C04F79EFBC}") = "SnakeAndLadderSimulator", "SnakeAndLadderSimulator.csproj", "{D6B5AA42-2497-4434-A04D-60ECF0079CF4}"
EndProject
Global
	GlobalSection(SolutionConfigurationPlatforms) = preSolution
		Debug|Any CPU = Debug|Any CPU
		Release|Any CPU = Release|Any CPU
	EndGlobalSection
	GlobalSection(ProjectConfigurationPlatforms) = postSolution
		{D6B5AA42-2497-4434-A04D-60ECF0079CF4}.Debug|Any CPU.ActiveCfg = Debug|Any CPU
		{D6B5AA42-2497-4434-A04D-60ECF0079CF4}.Debug|Any CPU.Build.0 = Debug|Any CPU
		{D6B5AA42-2497-4434-A04D-60ECF0079CF4}.Release|Any CPU.ActiveCfg = Release|Any CPU
		{D6B5AA42-2497-4434-A04D-60ECF0079CF4}.Release|Any CPU.Build.0 = Release|Any CPU
	EndGlobalSection
	GlobalSection(SolutionProperties) = preSolution
		HideSolutionNode = FALSE
	EndGlobalSection
	GlobalSection(ExtensibilityGlobals) = postSolution
		SolutionGuid = {2A5BC024-8A6C-46D4-9F3C-3DB76A065EDA}
	EndGlobalSection
EndGlobal
